
Microsoft Visual Studio Solution File, Format Version 12.00
# Visual Studio Version 16
VisualStudioVersion = 16.0.29215.179
MinimumVisualStudioVersion = 10.0.40219.1
Project("{FAE04EC0-301F-11D3-BF4B-00C04F79EFBC}") = "MaximCode", "MaximCode\MaximCode.csproj", "{5C378E04-F263-4611-9ACA-91487B452B05}"
EndProject
Project("{FAE04EC0-301F-11D3-BF4B-00C04F79EFBC}") = "MaximCode.Data", "MaximCode.Data\MaximCode.Data.csproj", "{0A5353E5-B86A-4BC2-BB79-912C9E7A14AE}"
EndProject
Project("{FAE04EC0-301F-11D3-BF4B-00C04F79EFBC}") = "MaximCode.Repo", "MaximCode.Repo\MaximCode.Repo.csproj", "{AB77AA46-7D88-4D03-AA7B-CCF3A5C34FB0}"
EndProject
Global
	GlobalSection(SolutionConfigurationPlatforms) = preSolution
		Debug|Any CPU = Debug|Any CPU
		Release|Any CPU = Release|Any CPU
	EndGlobalSection
	GlobalSection(ProjectConfigurationPlatforms) = postSolution
		{5C378E04-F263-4611-9ACA-91487B452B05}.Debug|Any CPU.ActiveCfg = Debug|Any CPU
		{5C378E04-F263-4611-9ACA-91487B452B05}.Debug|Any CPU.Build.0 = Debug|Any CPU
		{5C378E04-F263-4611-9ACA-91487B452B05}.Release|Any CPU.ActiveCfg = Release|Any CPU
		{5C378E04-F263-4611-9ACA-91487B452B05}.Release|Any CPU.Build.0 = Release|Any CPU
		{0A5353E5-B86A-4BC2-BB79-912C9E7A14AE}.Debug|Any CPU.ActiveCfg = Debug|Any CPU
		{0A5353E5-B86A-4BC2-BB79-912C9E7A14AE}.Debug|Any CPU.Build.0 = Debug|Any CPU
		{0A5353E5-B86A-4BC2-BB79-912C9E7A14AE}.Release|Any CPU.ActiveCfg = Release|Any CPU
		{0A5353E5-B86A-4BC2-BB79-912C9E7A14AE}.Release|Any CPU.Build.0 = Release|Any CPU
		{AB77AA46-7D88-4D03-AA7B-CCF3A5C34FB0}.Debug|Any CPU.ActiveCfg = Debug|Any CPU
		{AB77AA46-7D88-4D03-AA7B-CCF3A5C34FB0}.Debug|Any CPU.Build.0 = Debug|Any CPU
		{AB77AA46-7D88-4D03-AA7B-CCF3A5C34FB0}.Release|Any CPU.ActiveCfg = Release|Any CPU
		{AB77AA46-7D88-4D03-AA7B-CCF3A5C34FB0}.Release|Any CPU.Build.0 = Release|Any CPU
	EndGlobalSection
	GlobalSection(SolutionProperties) = preSolution
		HideSolutionNode = FALSE
	EndGlobalSection
	GlobalSection(ExtensibilityGlobals) = postSolution
		SolutionGuid = {88A21F9F-C786-425D-8CA9-EC1EB512D699}
	EndGlobalSection
EndGlobal
